# THIS IS AN AUTOGENERATED FILE. DO NOT EDIT THIS FILE DIRECTLY.
# yarn lockfile v1


"@babel/runtime@^7.22.5", "@babel/runtime@^7.23.2":
  version "7.23.4"
  resolved "https://registry.yarnpkg.com/@babel/runtime/-/runtime-7.23.4.tgz#36fa1d2b36db873d25ec631dcc4923fdc1cf2e2e"
  integrity sha512-2Yv65nlWnWlSpe3fXEyX5i7fx5kIKo4Qbcj+hMO0odwaneFjfXw5fdum+4yL20O0QiaHpia0cYQ9xpNMqrBwHg==
  dependencies:
    regenerator-runtime "^0.14.0"

html-parse-stringify@^3.0.1:
  version "3.0.1"
  resolved "https://registry.yarnpkg.com/html-parse-stringify/-/html-parse-stringify-3.0.1.tgz#dfc1017347ce9f77c8141a507f233040c59c55d2"
  integrity sha512-KknJ50kTInJ7qIScF3jeaFRpMpE8/lfiTdzf/twXyPBLAGrLRTmkz3AdTnKeh40X8k9L2fdYwEp/42WGXIRGcg==
  dependencies:
    void-elements "3.1.0"

i18next-browser-languagedetector@^7.2.0:
  version "7.2.0"
  resolved "https://registry.yarnpkg.com/i18next-browser-languagedetector/-/i18next-browser-languagedetector-7.2.0.tgz#de0321cba6881be37d82e20e4d6f05aa75f6e37f"
  integrity sha512-U00DbDtFIYD3wkWsr2aVGfXGAj2TgnELzOX9qv8bT0aJtvPV9CRO77h+vgmHFBMe7LAxdwvT/7VkCWGya6L3tA==
  dependencies:
    "@babel/runtime" "^7.23.2"

i18next@^23.7.6:
  version "23.7.6"
  resolved "https://registry.yarnpkg.com/i18next/-/i18next-23.7.6.tgz#7328e76c899052d5d33d930164612dd21e575f74"
  integrity sha512-O66BhXBw0fH4bEJMA0/klQKPEbcwAp5wjXEL803pdAynNbg2f4qhLIYlNHJyE7icrL6XmSZKPYaaXwy11kJ6YQ==
  dependencies:
    "@babel/runtime" "^7.23.2"

react-i18next@^13.5.0:
  version "13.5.0"
  resolved "https://registry.yarnpkg.com/react-i18next/-/react-i18next-13.5.0.tgz#44198f747628267a115c565f0c736a50a76b1ab0"
  integrity sha512-CFJ5NDGJ2MUyBohEHxljOq/39NQ972rh1ajnadG9BjTk+UXbHLq4z5DKEbEQBDoIhUmmbuS/fIMJKo6VOax1HA==
  dependencies:
    "@babel/runtime" "^7.22.5"
    html-parse-stringify "^3.0.1"

regenerator-runtime@^0.14.0:
  version "0.14.0"
  resolved "https://registry.yarnpkg.com/regenerator-runtime/-/regenerator-runtime-0.14.0.tgz#5e19d68eb12d486f797e15a3c6a918f7cec5eb45"
  integrity sha512-srw17NI0TUWHuGa5CFGGmhfNIeja30WMBfbslPNhf6JrqQlLN5gcrvig1oqPxiVaXb0oW0XRKtH6Nngs5lKCIA==

void-elements@3.1.0:
  version "3.1.0"
  resolved "https://registry.yarnpkg.com/void-elements/-/void-elements-3.1.0.tgz#614f7fbf8d801f0bb5f0661f5b2f5785750e4f09"
  integrity sha512-Dhxzh5HZuiHQhbvTW9AMetFfBHDMYpo23Uo9btPXgdYP+3T5S+p+jgNy7spra+veYhBP2dCSgxR/i2Y02h5/6w==
